Microsoft Visual Studio Solution File, Format Version 12.00
# Visual Studio Version 17
VisualStudioVersion = 17.5.2.0
MinimumVisualStudioVersion = 10.0.40219.1
Project("{FAE04EC0-301F-11D3-BF4B-00C04F79EFBC}") = "Construct Sync Toolkit ", "Construct Sync Toolkit.csproj", "{82DCBBBF-B126-9D11-657E-AA3F3C338FCA}"
EndProject
Global
	GlobalSection(SolutionConfigurationPlatforms) = preSolution
		Debug|Any CPU = Debug|Any CPU
		Release|Any CPU = Release|Any CPU
	EndGlobalSection
	GlobalSection(ProjectConfigurationPlatforms) = postSolution
		{82DCBBBF-B126-9D11-657E-AA3F3C338FCA}.Debug|Any CPU.ActiveCfg = Debug|Any CPU
		{82DCBBBF-B126-9D11-657E-AA3F3C338FCA}.Debug|Any CPU.Build.0 = Debug|Any CPU
		{82DCBBBF-B126-9D11-657E-AA3F3C338FCA}.Release|Any CPU.ActiveCfg = Release|Any CPU
		{82DCBBBF-B126-9D11-657E-AA3F3C338FCA}.Release|Any CPU.Build.0 = Release|Any CPU
	EndGlobalSection
	GlobalSection(SolutionProperties) = preSolution
		HideSolutionNode = FALSE
	EndGlobalSection
	GlobalSection(ExtensibilityGlobals) = postSolution
		SolutionGuid = {58873158-2A32-484E-93AC-CE1049E0E0E3}
	EndGlobalSection
EndGlobal
